
Microsoft Visual Studio Solution File, Format Version 12.00
# Visual Studio Version 16
VisualStudioVersion = 16.0.30907.101
MinimumVisualStudioVersion = 10.0.40219.1
Project("{FAE04EC0-301F-11D3-BF4B-00C04F79EFBC}") = "CommonClassesLib", "CommonClassesLib\CommonClassesLib.csproj", "{2A74CE92-2BF5-4AF8-847D-F72484240630}"
EndProject
Project("{9A19103F-16F7-4668-BE54-9A1E7A4F7556}") = "CommonClassesLib5", "CommonClassesLib5\CommonClassesLib5.csproj", "{16045C23-C907-48CB-9319-E0C3BE3DEED4}"
EndProject
Global
	GlobalSection(SolutionConfigurationPlatforms) = preSolution
		Debug|Any CPU = Debug|Any CPU
		Release|Any CPU = Release|Any CPU
	EndGlobalSection
	GlobalSection(ProjectConfigurationPlatforms) = postSolution
		{2A74CE92-2BF5-4AF8-847D-F72484240630}.Debug|Any CPU.ActiveCfg = Debug|Any CPU
		{2A74CE92-2BF5-4AF8-847D-F72484240630}.Debug|Any CPU.Build.0 = Debug|Any CPU
		{2A74CE92-2BF5-4AF8-847D-F72484240630}.Release|Any CPU.ActiveCfg = Release|Any CPU
		{2A74CE92-2BF5-4AF8-847D-F72484240630}.Release|Any CPU.Build.0 = Release|Any CPU
		{16045C23-C907-48CB-9319-E0C3BE3DEED4}.Debug|Any CPU.ActiveCfg = Debug|Any CPU
		{16045C23-C907-48CB-9319-E0C3BE3DEED4}.Debug|Any CPU.Build.0 = Debug|Any CPU
		{16045C23-C907-48CB-9319-E0C3BE3DEED4}.Release|Any CPU.ActiveCfg = Release|Any CPU
		{16045C23-C907-48CB-9319-E0C3BE3DEED4}.Release|Any CPU.Build.0 = Release|Any CPU
	EndGlobalSection
	GlobalSection(SolutionProperties) = preSolution
		HideSolutionNode = FALSE
	EndGlobalSection
	GlobalSection(ExtensibilityGlobals) = postSolution
		SolutionGuid = {ACE61BE1-E4D4-4A32-B9CE-D2D8A898F89C}
	EndGlobalSection
EndGlobal
