
Microsoft Visual Studio Solution File, Format Version 12.00
# Visual Studio Version 16
VisualStudioVersion = 16.0.30711.63
MinimumVisualStudioVersion = 10.0.40219.1
Project("{FAE04EC0-301F-11D3-BF4B-00C04F79EFBC}") = "SimpleGedcomLib", "SimpleGedcomLib\SimpleGedcomLib.csproj", "{092F55E9-2EFE-482E-B658-5BEBEAA5E6FB}"
EndProject
Project("{FAE04EC0-301F-11D3-BF4B-00C04F79EFBC}") = "SimpleGedcomLib5", "SimpleGedcomLib5\SimpleGedcomLib5.csproj", "{767C3F8E-4CDE-468D-A1F8-352487188D0D}"
EndProject
Global
	GlobalSection(SolutionConfigurationPlatforms) = preSolution
		Debug|Any CPU = Debug|Any CPU
		Release|Any CPU = Release|Any CPU
	EndGlobalSection
	GlobalSection(ProjectConfigurationPlatforms) = postSolution
		{092F55E9-2EFE-482E-B658-5BEBEAA5E6FB}.Debug|Any CPU.ActiveCfg = Debug|Any CPU
		{092F55E9-2EFE-482E-B658-5BEBEAA5E6FB}.Debug|Any CPU.Build.0 = Debug|Any CPU
		{092F55E9-2EFE-482E-B658-5BEBEAA5E6FB}.Release|Any CPU.ActiveCfg = Release|Any CPU
		{092F55E9-2EFE-482E-B658-5BEBEAA5E6FB}.Release|Any CPU.Build.0 = Release|Any CPU
		{767C3F8E-4CDE-468D-A1F8-352487188D0D}.Debug|Any CPU.ActiveCfg = Debug|Any CPU
		{767C3F8E-4CDE-468D-A1F8-352487188D0D}.Debug|Any CPU.Build.0 = Debug|Any CPU
		{767C3F8E-4CDE-468D-A1F8-352487188D0D}.Release|Any CPU.ActiveCfg = Release|Any CPU
		{767C3F8E-4CDE-468D-A1F8-352487188D0D}.Release|Any CPU.Build.0 = Release|Any CPU
	EndGlobalSection
	GlobalSection(SolutionProperties) = preSolution
		HideSolutionNode = FALSE
	EndGlobalSection
	GlobalSection(ExtensibilityGlobals) = postSolution
		SolutionGuid = {0280D628-AFB7-4568-A939-DE8B4B3F47F3}
	EndGlobalSection
EndGlobal
